// !$*UTF8*$!
{
	archiveVersion = 1;
	classes = {
	};
	objectVersion = 46;
	objects = {

/* Begin PBXBuildFile section */
		3328FF881F90C526003E968A /* FeedCell.swift in Sources */ = {isa = PBXBuildFile; fileRef = 3328FF871F90C526003E968A /* FeedCell.swift */; };
		3328FF8A1F90C540003E968A /* TrendingCell.swift in Sources */ = {isa = PBXBuildFile; fileRef = 3328FF891F90C540003E968A /* TrendingCell.swift */; };
		3328FF8C1F90C54F003E968A /* SubscriptionCell.swift in Sources */ = {isa = PBXBuildFile; fileRef = 3328FF8B1F90C54F003E968A /* SubscriptionCell.swift */; };
		3370BC4A1F95DD36008649BD /* ApiService.swift in Sources */ = {isa = PBXBuildFile; fileRef = 3370BC491F95DD36008649BD /* ApiService.swift */; };
		33CBFA861F8366F700A44760 /* MenuBar.swift in Sources */ = {isa = PBXBuildFile; fileRef = 33CBFA851F8366F700A44760 /* MenuBar.swift */; };
		33CBFA891F837E2400A44760 /* Video.swift in Sources */ = {isa = PBXBuildFile; fileRef = 33CBFA881F837E2400A44760 /* Video.swift */; };
		33DFE1A81FC3E33C00FEBE57 /* VideoLauncher.swift in Sources */ = {isa = PBXBuildFile; fileRef = 33DFE1A71FC3E33C00FEBE57 /* VideoLauncher.swift */; };
		33E698BC1F8C7C3900D3542B /* SettingLancher.swift in Sources */ = {isa = PBXBuildFile; fileRef = 33E698BB1F8C7C3900D3542B /* SettingLancher.swift */; };
		33E698BE1F8C838400D3542B /* SettingCell.swift in Sources */ = {isa = PBXBuildFile; fileRef = 33E698BD1F8C838400D3542B /* SettingCell.swift */; };
		33EE2CF51F832CD70094DE5E /* AppDelegate.swift in Sources */ = {isa = PBXBuildFile; fileRef = 33EE2CF41F832CD70094DE5E /* AppDelegate.swift */; };
		33EE2CF71F832CD70094DE5E /* HomeController.swift in Sources */ = {isa = PBXBuildFile; fileRef = 33EE2CF61F832CD70094DE5E /* HomeController.swift */; };
		33EE2CFA1F832CD70094DE5E /* Main.storyboard in Resources */ = {isa = PBXBuildFile; fileRef = 33EE2CF81F832CD70094DE5E /* Main.storyboard */; };
		33EE2CFC1F832CD70094DE5E /* Assets.xcassets in Resources */ = {isa = PBXBuildFile; fileRef = 33EE2CFB1F832CD70094DE5E /* Assets.xcassets */; };
		33EE2CFF1F832CD70094DE5E /* LaunchScreen.storyboard in Resources */ = {isa = PBXBuildFile; fileRef = 33EE2CFD1F832CD70094DE5E /* LaunchScreen.storyboard */; };
		33EE2D081F834E800094DE5E /* Extension.swift in Sources */ = {isa = PBXBuildFile; fileRef = 33EE2D071F834E800094DE5E /* Extension.swift */; };
		33EE2D0D1F834F0C0094DE5E /* VideoCell.swift in Sources */ = {isa = PBXBuildFile; fileRef = 33EE2D0C1F834F0C0094DE5E /* VideoCell.swift */; };
/* End PBXBuildFile section */

/* Begin PBXFileReference section */
		3328FF871F90C526003E968A /* FeedCell.swift */ = {isa = PBXFileReference; fileEncoding = 4; lastKnownFileType = sourcecode.swift; path = FeedCell.swift; sourceTree = "<group>"; };
		3328FF891F90C540003E968A /* TrendingCell.swift */ = {isa = PBXFileReference; fileEncoding = 4; lastKnownFileType = sourcecode.swift; path = TrendingCell.swift; sourceTree = "<group>"; };
		3328FF8B1F90C54F003E968A /* SubscriptionCell.swift */ = {isa = PBXFileReference; fileEncoding = 4; lastKnownFileType = sourcecode.swift; path = SubscriptionCell.swift; sourceTree = "<group>"; };
		3370BC491F95DD36008649BD /* ApiService.swift */ = {isa = PBXFileReference; fileEncoding = 4; lastKnownFileType = sourcecode.swift; path = ApiService.swift; sourceTree = "<group>"; };
		33CBFA851F8366F700A44760 /* MenuBar.swift */ = {isa = PBXFileReference; fileEncoding = 4; lastKnownFileType = sourcecode.swift; path = MenuBar.swift; sourceTree = "<group>"; };
		33CBFA881F837E2400A44760 /* Video.swift */ = {isa = PBXFileReference; fileEncoding = 4; lastKnownFileType = sourcecode.swift; path = Video.swift; sourceTree = "<group>"; };
		33DFE1A71FC3E33C00FEBE57 /* VideoLauncher.swift */ = {isa = PBXFileReference; fileEncoding = 4; lastKnownFileType = sourcecode.swift; path = VideoLauncher.swift; sourceTree = "<group>"; };
		33E698BB1F8C7C3900D3542B /* SettingLancher.swift */ = {isa = PBXFileReference; fileEncoding = 4; lastKnownFileType = sourcecode.swift; path = SettingLancher.swift; sourceTree = "<group>"; };
		33E698BD1F8C838400D3542B /* SettingCell.swift */ = {isa = PBXFileReference; fileEncoding = 4; lastKnownFileType = sourcecode.swift; path = SettingCell.swift; sourceTree = "<group>"; };
		33EE2CF11F832CD70094DE5E /* YoutubeOnlyForMe.app */ = {isa = PBXFileReference; explicitFileType = wrapper.application; includeInIndex = 0; path = YoutubeOnlyForMe.app; sourceTree = BUILT_PRODUCTS_DIR; };
		33EE2CF41F832CD70094DE5E /* AppDelegate.swift */ = {isa = PBXFileReference; lastKnownFileType = sourcecode.swift; path = AppDelegate.swift; sourceTree = "<group>"; };
		33EE2CF61F832CD70094DE5E /* HomeController.swift */ = {isa = PBXFileReference; lastKnownFileType = sourcecode.swift; path = HomeController.swift; sourceTree = "<group>"; };
		33EE2CF91F832CD70094DE5E /* Base */ = {isa = PBXFileReference; lastKnownFileType = file.storyboard; name = Base; path = Base.lproj/Main.storyboard; sourceTree = "<group>"; };
		33EE2CFB1F832CD70094DE5E /* Assets.xcassets */ = {isa = PBXFileReference; lastKnownFileType = folder.assetcatalog; path = Assets.xcassets; sourceTree = "<group>"; };
		33EE2CFE1F832CD70094DE5E /* Base */ = {isa = PBXFileReference; lastKnownFileType = file.storyboard; name = Base; path = Base.lproj/LaunchScreen.storyboard; sourceTree = "<group>"; };
		33EE2D001F832CD70094DE5E /* Info.plist */ = {isa = PBXFileReference; lastKnownFileType = text.plist.xml; path = Info.plist; sourceTree = "<group>"; };
		33EE2D071F834E800094DE5E /* Extension.swift */ = {isa = PBXFileReference; fileEncoding = 4; lastKnownFileType = sourcecode.swift; path = Extension.swift; sourceTree = "<group>"; };
		33EE2D0C1F834F0C0094DE5E /* VideoCell.swift */ = {isa = PBXFileReference; fileEncoding = 4; lastKnownFileType = sourcecode.swift; path = VideoCell.swift; sourceTree = "<group>"; };
/* End PBXFileReference section */

/* Begin PBXFrameworksBuildPhase section */
		33EE2CEE1F832CD70094DE5E /* Frameworks */ = {
			isa = PBXFrameworksBuildPhase;
			buildActionMask = 2147483647;
			files = (
			);
			runOnlyForDeploymentPostprocessing = 0;
		};
/* End PBXFrameworksBuildPhase section */

/* Begin PBXGroup section */
		33CBFA871F837E1800A44760 /* Model */ = {
			isa = PBXGroup;
			children = (
				33CBFA881F837E2400A44760 /* Video.swift */,
			);
			name = Model;
			sourceTree = "<group>";
		};
		33EE2CE81F832CD70094DE5E = {
			isa = PBXGroup;
			children = (
				33EE2CF31F832CD70094DE5E /* YoutubeOnlyForMe */,
				33EE2CF21F832CD70094DE5E /* Products */,
			);
			sourceTree = "<group>";
		};
		33EE2CF21F832CD70094DE5E /* Products */ = {
			isa = PBXGroup;
			children = (
				33EE2CF11F832CD70094DE5E /* YoutubeOnlyForMe.app */,
			);
			name = Products;
			sourceTree = "<group>";
		};
		33EE2CF31F832CD70094DE5E /* YoutubeOnlyForMe */ = {
			isa = PBXGroup;
			children = (
				33FF4AC51F99E42200CD003E /* ApiService */,
				33CBFA871F837E1800A44760 /* Model */,
				33EE2D091F834EC10094DE5E /* View */,
				33EE2D0E1F834F400094DE5E /* Controller */,
				33EE2D061F834E700094DE5E /* Helper */,
				33EE2CF41F832CD70094DE5E /* AppDelegate.swift */,
				33EE2CF81F832CD70094DE5E /* Main.storyboard */,
				33EE2CFB1F832CD70094DE5E /* Assets.xcassets */,
				33EE2CFD1F832CD70094DE5E /* LaunchScreen.storyboard */,
				33EE2D001F832CD70094DE5E /* Info.plist */,
			);
			path = YoutubeOnlyForMe;
			sourceTree = "<group>";
		};
		33EE2D061F834E700094DE5E /* Helper */ = {
			isa = PBXGroup;
			children = (
				33EE2D071F834E800094DE5E /* Extension.swift */,
				33DFE1A71FC3E33C00FEBE57 /* VideoLauncher.swift */,
			);
			name = Helper;
			sourceTree = "<group>";
		};
		33EE2D091F834EC10094DE5E /* View */ = {
			isa = PBXGroup;
			children = (
				33EE2D0C1F834F0C0094DE5E /* VideoCell.swift */,
				33CBFA851F8366F700A44760 /* MenuBar.swift */,
				33E698BD1F8C838400D3542B /* SettingCell.swift */,
				3328FF871F90C526003E968A /* FeedCell.swift */,
				3328FF891F90C540003E968A /* TrendingCell.swift */,
				3328FF8B1F90C54F003E968A /* SubscriptionCell.swift */,
			);
			name = View;
			sourceTree = "<group>";
		};
		33EE2D0E1F834F400094DE5E /* Controller */ = {
			isa = PBXGroup;
			children = (
				33EE2CF61F832CD70094DE5E /* HomeController.swift */,
				33E698BB1F8C7C3900D3542B /* SettingLancher.swift */,
			);
			name = Controller;
			sourceTree = "<group>";
		};
		33FF4AC51F99E42200CD003E /* ApiService */ = {
			isa = PBXGroup;
			children = (
				3370BC491F95DD36008649BD /* ApiService.swift */,
			);
			name = ApiService;
			sourceTree = "<group>";
		};
/* End PBXGroup section */

/* Begin PBXNativeTarget section */
		33EE2CF01F832CD70094DE5E /* YoutubeOnlyForMe */ = {
			isa = PBXNativeTarget;
			buildConfigurationList = 33EE2D031F832CD70094DE5E /* Build configuration list for PBXNativeTarget "YoutubeOnlyForMe" */;
			buildPhases = (
				33EE2CED1F832CD70094DE5E /* Sources */,
				33EE2CEE1F832CD70094DE5E /* Frameworks */,
				33EE2CEF1F832CD70094DE5E /* Resources */,
			);
			buildRules = (
			);
			dependencies = (
			);
			name = YoutubeOnlyForMe;
			productName = YoutubeOnlyForMe;
			productReference = 33EE2CF11F832CD70094DE5E /* YoutubeOnlyForMe.app */;
			productType = "com.apple.product-type.application";
		};
/* End PBXNativeTarget section */

/* Begin PBXProject section */
		33EE2CE91F832CD70094DE5E /* Project object */ = {
			isa = PBXProject;
			attributes = {
				LastSwiftUpdateCheck = 0830;
				LastUpgradeCheck = 0830;
				ORGANIZATIONNAME = VuHongSon;
				TargetAttributes = {
					33EE2CF01F832CD70094DE5E = {
						CreatedOnToolsVersion = 8.3.3;
						DevelopmentTeam = 9ENKQ743S9;
						ProvisioningStyle = Automatic;
					};
				};
			};
			buildConfigurationList = 33EE2CEC1F832CD70094DE5E /* Build configuration list for PBXProject "YoutubeOnlyForMe" */;
			compatibilityVersion = "Xcode 3.2";
			developmentRegion = English;
			hasScannedForEncodings = 0;
			knownRegions = (
				en,
				Base,
			);
			mainGroup = 33EE2CE81F832CD70094DE5E;
			productRefGroup = 33EE2CF21F832CD70094DE5E /* Products */;
			projectDirPath = "";
			projectRoot = "";
			targets = (
				33EE2CF01F832CD70094DE5E /* YoutubeOnlyForMe */,
			);
		};
/* End PBXProject section */

/* Begin PBXResourcesBuildPhase section */
		33EE2CEF1F832CD70094DE5E /* Resources */ = {
			isa = PBXResourcesBuildPhase;
			buildActionMask = 2147483647;
			files = (
				33EE2CFF1F832CD70094DE5E /* LaunchScreen.storyboard in Resources */,
				33EE2CFC1F832CD70094DE5E /* Assets.xcassets in Resources */,
				33EE2CFA1F832CD70094DE5E /* Main.storyboard in Resources */,
			);
			runOnlyForDeploymentPostprocessing = 0;
		};
/* End PBXResourcesBuildPhase section */

/* Begin PBXSourcesBuildPhase section */
		33EE2CED1F832CD70094DE5E /* Sources */ = {
			isa = PBXSourcesBuildPhase;
			buildActionMask = 2147483647;
			files = (
				33EE2D081F834E800094DE5E /* Extension.swift in Sources */,
				33E698BE1F8C838400D3542B /* SettingCell.swift in Sources */,
				3370BC4A1F95DD36008649BD /* ApiService.swift in Sources */,
				3328FF8A1F90C540003E968A /* TrendingCell.swift in Sources */,
				33CBFA891F837E2400A44760 /* Video.swift in Sources */,
				33EE2D0D1F834F0C0094DE5E /* VideoCell.swift in Sources */,
				33EE2CF71F832CD70094DE5E /* HomeController.swift in Sources */,
				33DFE1A81FC3E33C00FEBE57 /* VideoLauncher.swift in Sources */,
				33CBFA861F8366F700A44760 /* MenuBar.swift in Sources */,
				33E698BC1F8C7C3900D3542B /* SettingLancher.swift in Sources */,
				33EE2CF51F832CD70094DE5E /* AppDelegate.swift in Sources */,
				3328FF881F90C526003E968A /* FeedCell.swift in Sources */,
				3328FF8C1F90C54F003E968A /* SubscriptionCell.swift in Sources */,
			);
			runOnlyForDeploymentPostprocessing = 0;
		};
/* End PBXSourcesBuildPhase section */

/* Begin PBXVariantGroup section */
		33EE2CF81F832CD70094DE5E /* Main.storyboard */ = {
			isa = PBXVariantGroup;
			children = (
				33EE2CF91F832CD70094DE5E /* Base */,
			);
			name = Main.storyboard;
			sourceTree = "<group>";
		};
		33EE2CFD1F832CD70094DE5E /* LaunchScreen.storyboard */ = {
			isa = PBXVariantGroup;
			children = (
				33EE2CFE1F832CD70094DE5E /* Base */,
			);
			name = LaunchScreen.storyboard;
			sourceTree = "<group>";
		};
/* End PBXVariantGroup section */

/* Begin XCBuildConfiguration section */
		33EE2D011F832CD70094DE5E /* Debug */ = {
			isa = XCBuildConfiguration;
			buildSettings = {
				ALWAYS_SEARCH_USER_PATHS = NO;
				CLANG_ANALYZER_NONNULL = YES;
				CLANG_ANALYZER_NUMBER_OBJECT_CONVERSION = YES_AGGRESSIVE;
				CLANG_CXX_LANGUAGE_STANDARD = "gnu++0x";
				CLANG_CXX_LIBRARY = "libc++";
				CLANG_ENABLE_MODULES = YES;
				CLANG_ENABLE_OBJC_ARC = YES;
				CLANG_WARN_BOOL_CONVERSION = YES;
				CLANG_WARN_CONSTANT_CONVERSION = YES;
				CLANG_WARN_DIRECT_OBJC_ISA_USAGE = YES_ERROR;
				CLANG_WARN_DOCUMENTATION_COMMENTS = YES;
				CLANG_WARN_EMPTY_BODY = YES;
				CLANG_WARN_ENUM_CONVERSION = YES;
				CLANG_WARN_INFINITE_RECURSION = YES;
				CLANG_WARN_INT_CONVERSION = YES;
				CLANG_WARN_OBJC_ROOT_CLASS = YES_ERROR;
				CLANG_WARN_SUSPICIOUS_MOVE = YES;
				CLANG_WARN_UNREACHABLE_CODE = YES;
				CLANG_WARN__DUPLICATE_METHOD_MATCH = YES;
				"CODE_SIGN_IDENTITY[sdk=iphoneos*]" = "iPhone Developer";
				COPY_PHASE_STRIP = NO;
				DEBUG_INFORMATION_FORMAT = dwarf;
				ENABLE_STRICT_OBJC_MSGSEND = YES;
				ENABLE_TESTABILITY = YES;
				GCC_C_LANGUAGE_STANDARD = gnu99;
				GCC_DYNAMIC_NO_PIC = NO;
				GCC_NO_COMMON_BLOCKS = YES;
				GCC_OPTIMIZATION_LEVEL = 0;
				GCC_PREPROCESSOR_DEFINITIONS = (
					"DEBUG=1",
					"$(inherited)",
				);
				GCC_WARN_64_TO_32_BIT_CONVERSION = YES;
				GCC_WARN_ABOUT_RETURN_TYPE = YES_ERROR;
				GCC_WARN_UNDECLARED_SELECTOR = YES;
				GCC_WARN_UNINITIALIZED_AUTOS = YES_AGGRESSIVE;
				GCC_WARN_UNUSED_FUNCTION = YES;
				GCC_WARN_UNUSED_VARIABLE = YES;
				IPHONEOS_DEPLOYMENT_TARGET = 10.3;
				MTL_ENABLE_DEBUG_INFO = YES;
				ONLY_ACTIVE_ARCH = YES;
				SDKROOT = iphoneos;
				SWIFT_ACTIVE_COMPILATION_CONDITIONS = DEBUG;
				SWIFT_OPTIMIZATION_LEVEL = "-Onone";
			};
			name = Debug;
		};
		33EE2D021F832CD70094DE5E /* Release */ = {
			isa = XCBuildConfiguration;
			buildSettings = {
				ALWAYS_SEARCH_USER_PATHS = NO;
				CLANG_ANALYZER_NONNULL = YES;
				CLANG_ANALYZER_NUMBER_OBJECT_CONVERSION = YES_AGGRESSIVE;
				CLANG_CXX_LANGUAGE_STANDARD = "gnu++0x";
				CLANG_CXX_LIBRARY = "libc++";
				CLANG_ENABLE_MODULES = YES;
				CLANG_ENABLE_OBJC_ARC = YES;
				CLANG_WARN_BOOL_CONVERSION = YES;
				CLANG_WARN_CONSTANT_CONVERSION = YES;
				CLANG_WARN_DIRECT_OBJC_ISA_USAGE = YES_ERROR;
				CLANG_WARN_DOCUMENTATION_COMMENTS = YES;
				CLANG_WARN_EMPTY_BODY = YES;
				CLANG_WARN_ENUM_CONVERSION = YES;
				CLANG_WARN_INFINITE_RECURSION = YES;
				CLANG_WARN_INT_CONVERSION = YES;
				CLANG_WARN_OBJC_ROOT_CLASS = YES_ERROR;
				CLANG_WARN_SUSPICIOUS_MOVE = YES;
				CLANG_WARN_UNREACHABLE_CODE = YES;
				CLANG_WARN__DUPLICATE_METHOD_MATCH = YES;
				"CODE_SIGN_IDENTITY[sdk=iphoneos*]" = "iPhone Developer";
				COPY_PHASE_STRIP = NO;
				DEBUG_INFORMATION_FORMAT = "dwarf-with-dsym";
				ENABLE_NS_ASSERTIONS = NO;
				ENABLE_STRICT_OBJC_MSGSEND = YES;
				GCC_C_LANGUAGE_STANDARD = gnu99;
				GCC_NO_COMMON_BLOCKS = YES;
				GCC_WARN_64_TO_32_BIT_CONVERSION = YES;
				GCC_WARN_ABOUT_RETURN_TYPE = YES_ERROR;
				GCC_WARN_UNDECLARED_SELECTOR = YES;
				GCC_WARN_UNINITIALIZED_AUTOS = YES_AGGRESSIVE;
				GCC_WARN_UNUSED_FUNCTION = YES;
				GCC_WARN_UNUSED_VARIABLE = YES;
				IPHONEOS_DEPLOYMENT_TARGET = 10.3;
				MTL_ENABLE_DEBUG_INFO = NO;
				SDKROOT = iphoneos;
				SWIFT_OPTIMIZATION_LEVEL = "-Owholemodule";
				VALIDATE_PRODUCT = YES;
			};
			name = Release;
		};
		33EE2D041F832CD70094DE5E /* Debug */ = {
			isa = XCBuildConfiguration;
			buildSettings = {
				ASSETCATALOG_COMPILER_APPICON_NAME = AppIcon;
				DEVELOPMENT_TEAM = 9ENKQ743S9;
				INFOPLIST_FILE = YoutubeOnlyForMe/Info.plist;
				LD_RUNPATH_SEARCH_PATHS = "$(inherited) @executable_path/Frameworks";
				PRODUCT_BUNDLE_IDENTIFIER = "-fury.YoutubeOnlyForMe";
				PRODUCT_NAME = "$(TARGET_NAME)";
				SWIFT_VERSION = 3.0;
			};
			name = Debug;
		};
		33EE2D051F832CD70094DE5E /* Release */ = {
			isa = XCBuildConfiguration;
			buildSettings = {
				ASSETCATALOG_COMPILER_APPICON_NAME = AppIcon;
				DEVELOPMENT_TEAM = 9ENKQ743S9;
				INFOPLIST_FILE = YoutubeOnlyForMe/Info.plist;
				LD_RUNPATH_SEARCH_PATHS = "$(inherited) @executable_path/Frameworks";
				PRODUCT_BUNDLE_IDENTIFIER = "-fury.YoutubeOnlyForMe";
				PRODUCT_NAME = "$(TARGET_NAME)";
				SWIFT_VERSION = 3.0;
			};
			name = Release;
		};
/* End XCBuildConfiguration section */

/* Begin XCConfigurationList section */
		33EE2CEC1F832CD70094DE5E /* Build configuration list for PBXProject "YoutubeOnlyForMe" */ = {
			isa = XCConfigurationList;
			buildConfigurations = (
				33EE2D011F832CD70094DE5E /* Debug */,
				33EE2D021F832CD70094DE5E /* Release */,
			);
			defaultConfigurationIsVisible = 0;
			defaultConfigurationName = Release;
		};
		33EE2D031F832CD70094DE5E /* Build configuration list for PBXNativeTarget "YoutubeOnlyForMe" */ = {
			isa = XCConfigurationList;
			buildConfigurations = (
				33EE2D041F832CD70094DE5E /* Debug */,
				33EE2D051F832CD70094DE5E /* Release */,
			);
			defaultConfigurationIsVisible = 0;
			defaultConfigurationName = Release;
		};
/* End XCConfigurationList section */
	};
	rootObject = 33EE2CE91F832CD70094DE5E /* Project object */;
}
